
Microsoft Visual Studio Solution File, Format Version 12.00
# Visual Studio 2013
VisualStudioVersion = 12.0.21005.1
MinimumVisualStudioVersion = 10.0.40219.1
Project("{8BC9CEB8-8B4A-11D0-8D11-00A0C91BC942}") = "Lab_1", "Lab_1\Lab_1.vcxproj", "{49378472-4446-4A01-9F98-0AA4D3C46787}"
EndProject
Project("{8BC9CEB8-8B4A-11D0-8D11-00A0C91BC942}") = "Lab_2", "Lab_2\Lab_2.vcxproj", "{08BDA3EE-7148-415D-9D60-39F7757F5989}"
EndProject
Project("{8BC9CEB8-8B4A-11D0-8D11-00A0C91BC942}") = "Lab_3", "Lab_3\Lab_3.vcxproj", "{9FFAC699-FB89-422D-AF65-1B30AE10AD98}"
EndProject
Project("{8BC9CEB8-8B4A-11D0-8D11-00A0C91BC942}") = "Lab_4", "Lab_4\Lab_4.vcxproj", "{BD8E026C-1795-4545-8024-2139E9D8AD0E}"
EndProject
Project("{2150E333-8FDC-42A3-9474-1A3956D46DE8}") = "Solution Items", "Solution Items", "{1AB91D07-DB3F-41A5-87D0-030C865EBE69}"
	ProjectSection(SolutionItems) = preProject
		description.txt = description.txt
	EndProjectSection
EndProject
Global
	GlobalSection(SolutionConfigurationPlatforms) = preSolution
		Debug|Win32 = Debug|Win32
		Release|Win32 = Release|Win32
	EndGlobalSection
	GlobalSection(ProjectConfigurationPlatforms) = postSolution
		{49378472-4446-4A01-9F98-0AA4D3C46787}.Debug|Win32.ActiveCfg = Debug|Win32
		{49378472-4446-4A01-9F98-0AA4D3C46787}.Debug|Win32.Build.0 = Debug|Win32
		{49378472-4446-4A01-9F98-0AA4D3C46787}.Release|Win32.ActiveCfg = Release|Win32
		{49378472-4446-4A01-9F98-0AA4D3C46787}.Release|Win32.Build.0 = Release|Win32
		{08BDA3EE-7148-415D-9D60-39F7757F5989}.Debug|Win32.ActiveCfg = Debug|Win32
		{08BDA3EE-7148-415D-9D60-39F7757F5989}.Debug|Win32.Build.0 = Debug|Win32
		{08BDA3EE-7148-415D-9D60-39F7757F5989}.Release|Win32.ActiveCfg = Release|Win32
		{08BDA3EE-7148-415D-9D60-39F7757F5989}.Release|Win32.Build.0 = Release|Win32
		{9FFAC699-FB89-422D-AF65-1B30AE10AD98}.Debug|Win32.ActiveCfg = Debug|Win32
		{9FFAC699-FB89-422D-AF65-1B30AE10AD98}.Debug|Win32.Build.0 = Debug|Win32
		{9FFAC699-FB89-422D-AF65-1B30AE10AD98}.Release|Win32.ActiveCfg = Release|Win32
		{9FFAC699-FB89-422D-AF65-1B30AE10AD98}.Release|Win32.Build.0 = Release|Win32
		{BD8E026C-1795-4545-8024-2139E9D8AD0E}.Debug|Win32.ActiveCfg = Debug|Win32
		{BD8E026C-1795-4545-8024-2139E9D8AD0E}.Debug|Win32.Build.0 = Debug|Win32
		{BD8E026C-1795-4545-8024-2139E9D8AD0E}.Release|Win32.ActiveCfg = Release|Win32
		{BD8E026C-1795-4545-8024-2139E9D8AD0E}.Release|Win32.Build.0 = Release|Win32
	EndGlobalSection
	GlobalSection(SolutionProperties) = preSolution
		HideSolutionNode = FALSE
	EndGlobalSection
EndGlobal
